// !$*UTF8*$!
{
	archiveVersion = 1;
	classes = {
	};
	objectVersion = 46;
	objects = {

/* Begin PBXBuildFile section */
		06F8A90134ACA928FF086075 /* Pods_SimpleWeatherApp.framework in Frameworks */ = {isa = PBXBuildFile; fileRef = E2CD41411E77A136D2D863E3 /* Pods_SimpleWeatherApp.framework */; };
		B22AE2FF1E6D75CD00651C84 /* main.m in Sources */ = {isa = PBXBuildFile; fileRef = B22AE2FE1E6D75CD00651C84 /* main.m */; };
		B22AE3021E6D75CD00651C84 /* AppDelegate.m in Sources */ = {isa = PBXBuildFile; fileRef = B22AE3011E6D75CD00651C84 /* AppDelegate.m */; };
		B22AE30B1E6D75CD00651C84 /* SimpleWeatherApp.xcdatamodeld in Sources */ = {isa = PBXBuildFile; fileRef = B22AE3091E6D75CD00651C84 /* SimpleWeatherApp.xcdatamodeld */; };
		B22AE30D1E6D75CD00651C84 /* Assets.xcassets in Resources */ = {isa = PBXBuildFile; fileRef = B22AE30C1E6D75CD00651C84 /* Assets.xcassets */; };
		B22AE3101E6D75CD00651C84 /* LaunchScreen.storyboard in Resources */ = {isa = PBXBuildFile; fileRef = B22AE30E1E6D75CD00651C84 /* LaunchScreen.storyboard */; };
		B22AE31A1E6D767000651C84 /* MainViewController.m in Sources */ = {isa = PBXBuildFile; fileRef = B22AE3181E6D767000651C84 /* MainViewController.m */; };
		B22AE31B1E6D767000651C84 /* MainViewController.xib in Resources */ = {isa = PBXBuildFile; fileRef = B22AE3191E6D767000651C84 /* MainViewController.xib */; };
		B22AE31E1E6D942200651C84 /* WeatherManager.m in Sources */ = {isa = PBXBuildFile; fileRef = B22AE31D1E6D942200651C84 /* WeatherManager.m */; };
		B22AE3201E6D961100651C84 /* CurrentWeatherDto.m in Sources */ = {isa = PBXBuildFile; fileRef = B22AE31F1E6D961100651C84 /* CurrentWeatherDto.m */; };
		B25981FD1E8E3756009E82B5 /* ManualUiContraintsTestViewController.m in Sources */ = {isa = PBXBuildFile; fileRef = B25981FC1E8E3756009E82B5 /* ManualUiContraintsTestViewController.m */; };
		B259821E1E926C60009E82B5 /* AutoLayoutConstraintsAnimationViewController.m in Sources */ = {isa = PBXBuildFile; fileRef = B259821D1E926C60009E82B5 /* AutoLayoutConstraintsAnimationViewController.m */; };
		B25982211E928588009E82B5 /* NetworkManager.m in Sources */ = {isa = PBXBuildFile; fileRef = B25982201E928588009E82B5 /* NetworkManager.m */; };
		B25982321E93D6D0009E82B5 /* FavoriteLocationsViewController.m in Sources */ = {isa = PBXBuildFile; fileRef = B25982311E93D6D0009E82B5 /* FavoriteLocationsViewController.m */; };
		B25982381E93E49D009E82B5 /* AddFavoriteLocationViewController.m in Sources */ = {isa = PBXBuildFile; fileRef = B25982371E93E49D009E82B5 /* AddFavoriteLocationViewController.m */; };
		B259823B1E9520B1009E82B5 /* BluetoothTestViewController.m in Sources */ = {isa = PBXBuildFile; fileRef = B259823A1E9520B1009E82B5 /* BluetoothTestViewController.m */; };
		B259823D1E95249F009E82B5 /* CoreBluetooth.framework in Frameworks */ = {isa = PBXBuildFile; fileRef = B259823C1E95249F009E82B5 /* CoreBluetooth.framework */; };
		B26FD63D1E6F0FFC0077BCC5 /* WeatherSettings.m in Sources */ = {isa = PBXBuildFile; fileRef = B26FD63C1E6F0FFC0077BCC5 /* WeatherSettings.m */; };
		B26FD6401E6F124F0077BCC5 /* AppDataUtil.m in Sources */ = {isa = PBXBuildFile; fileRef = B26FD63F1E6F124F0077BCC5 /* AppDataUtil.m */; };
		B26FD6441E714B290077BCC5 /* LocationSelectorViewController.m in Sources */ = {isa = PBXBuildFile; fileRef = B26FD6421E714B290077BCC5 /* LocationSelectorViewController.m */; };
		B26FD6451E714B290077BCC5 /* LocationSelectorViewController.xib in Resources */ = {isa = PBXBuildFile; fileRef = B26FD6431E714B290077BCC5 /* LocationSelectorViewController.xib */; };
		B26FD6481E71771F0077BCC5 /* LocationDto.m in Sources */ = {isa = PBXBuildFile; fileRef = B26FD6471E71771F0077BCC5 /* LocationDto.m */; };
		B26FD64D1E71854B0077BCC5 /* FileReader.m in Sources */ = {isa = PBXBuildFile; fileRef = B26FD64C1E71854B0077BCC5 /* FileReader.m */; };
		B26FD6511E718A430077BCC5 /* city.list.json in Resources */ = {isa = PBXBuildFile; fileRef = B26FD6501E718A430077BCC5 /* city.list.json */; };
		B26FD6551E729DCB0077BCC5 /* DailyForecastCollectionViewCell.m in Sources */ = {isa = PBXBuildFile; fileRef = B26FD6531E729DCB0077BCC5 /* DailyForecastCollectionViewCell.m */; };
		B26FD6561E729DCB0077BCC5 /* DailyForecastCollectionViewCell.xib in Resources */ = {isa = PBXBuildFile; fileRef = B26FD6541E729DCB0077BCC5 /* DailyForecastCollectionViewCell.xib */; };
		B26FD6591E72F19C0077BCC5 /* WeatherForecastDto.m in Sources */ = {isa = PBXBuildFile; fileRef = B26FD6581E72F19C0077BCC5 /* WeatherForecastDto.m */; };
		B26FD67A1E7C1F580077BCC5 /* CorePlot.framework in Frameworks */ = {isa = PBXBuildFile; fileRef = B26FD66F1E7C1F0F0077BCC5 /* CorePlot.framework */; };
		B26FD67B1E7C1F580077BCC5 /* CorePlot.framework in Embed Frameworks */ = {isa = PBXBuildFile; fileRef = B26FD66F1E7C1F0F0077BCC5 /* CorePlot.framework */; settings = {ATTRIBUTES = (CodeSignOnCopy, RemoveHeadersOnCopy, ); }; };
		B26FD6931E817D630077BCC5 /* PercentageCircleView.m in Sources */ = {isa = PBXBuildFile; fileRef = B26FD6921E817D630077BCC5 /* PercentageCircleView.m */; };
		B26FD6971E83B7B40077BCC5 /* MapViewController.m in Sources */ = {isa = PBXBuildFile; fileRef = B26FD6951E83B7B40077BCC5 /* MapViewController.m */; };
		B26FD6981E83B7B40077BCC5 /* MapViewController.xib in Resources */ = {isa = PBXBuildFile; fileRef = B26FD6961E83B7B40077BCC5 /* MapViewController.xib */; };
		B26FD69B1E83C1A30077BCC5 /* MapKit.framework in Frameworks */ = {isa = PBXBuildFile; fileRef = B26FD69A1E83C1A30077BCC5 /* MapKit.framework */; };
		B295AEBF1E6EFF36002D6F0B /* SettingsViewController.m in Sources */ = {isa = PBXBuildFile; fileRef = B295AEBD1E6EFF36002D6F0B /* SettingsViewController.m */; };
		B295AEC01E6EFF36002D6F0B /* SettingsViewController.xib in Resources */ = {isa = PBXBuildFile; fileRef = B295AEBE1E6EFF36002D6F0B /* SettingsViewController.xib */; };
/* End PBXBuildFile section */

/* Begin PBXContainerItemProxy section */
		B26FD66A1E7C1F0F0077BCC5 /* PBXContainerItemProxy */ = {
			isa = PBXContainerItemProxy;
			containerPortal = B26FD65A1E7C1F0F0077BCC5 /* CorePlot.xcodeproj */;
			proxyType = 2;
			remoteGlobalIDString = 8DC2EF5B0486A6940098B216;
			remoteInfo = "CorePlot Mac";
		};
		B26FD66C1E7C1F0F0077BCC5 /* PBXContainerItemProxy */ = {
			isa = PBXContainerItemProxy;
			containerPortal = B26FD65A1E7C1F0F0077BCC5 /* CorePlot.xcodeproj */;
			proxyType = 2;
			remoteGlobalIDString = 0730F600109492D800E95162;
			remoteInfo = "UnitTests Mac";
		};
		B26FD66E1E7C1F0F0077BCC5 /* PBXContainerItemProxy */ = {
			isa = PBXContainerItemProxy;
			containerPortal = B26FD65A1E7C1F0F0077BCC5 /* CorePlot.xcodeproj */;
			proxyType = 2;
			remoteGlobalIDString = C38A09781A46185200D45436;
			remoteInfo = "CorePlot iOS";
		};
		B26FD6701E7C1F0F0077BCC5 /* PBXContainerItemProxy */ = {
			isa = PBXContainerItemProxy;
			containerPortal = B26FD65A1E7C1F0F0077BCC5 /* CorePlot.xcodeproj */;
			proxyType = 2;
			remoteGlobalIDString = C38A09821A46185300D45436;
			remoteInfo = "UnitTests iOS";
		};
		B26FD6721E7C1F0F0077BCC5 /* PBXContainerItemProxy */ = {
			isa = PBXContainerItemProxy;
			containerPortal = B26FD65A1E7C1F0F0077BCC5 /* CorePlot.xcodeproj */;
			proxyType = 2;
			remoteGlobalIDString = C38A09BA1A4619A900D45436;
			remoteInfo = "CorePlot-CocoaTouch";
		};
		B26FD6741E7C1F0F0077BCC5 /* PBXContainerItemProxy */ = {
			isa = PBXContainerItemProxy;
			containerPortal = B26FD65A1E7C1F0F0077BCC5 /* CorePlot.xcodeproj */;
			proxyType = 2;
			remoteGlobalIDString = C38A09C41A4619A900D45436;
			remoteInfo = "CorePlot-CocoaTouchTests";
		};
		B26FD6761E7C1F0F0077BCC5 /* PBXContainerItemProxy */ = {
			isa = PBXContainerItemProxy;
			containerPortal = B26FD65A1E7C1F0F0077BCC5 /* CorePlot.xcodeproj */;
			proxyType = 2;
			remoteGlobalIDString = C37EA6921BC83F2A0091C8F7;
			remoteInfo = "CorePlot tvOS";
		};
		B26FD6781E7C1F0F0077BCC5 /* PBXContainerItemProxy */ = {
			isa = PBXContainerItemProxy;
			containerPortal = B26FD65A1E7C1F0F0077BCC5 /* CorePlot.xcodeproj */;
			proxyType = 2;
			remoteGlobalIDString = C37EA6B71BC83F2D0091C8F7;
			remoteInfo = "UnitTests tvOS";
		};
		B26FD67C1E7C1F580077BCC5 /* PBXContainerItemProxy */ = {
			isa = PBXContainerItemProxy;
			containerPortal = B26FD65A1E7C1F0F0077BCC5 /* CorePlot.xcodeproj */;
			proxyType = 1;
			remoteGlobalIDString = C38A09771A46185200D45436;
			remoteInfo = "CorePlot iOS";
		};
/* End PBXContainerItemProxy section */

/* Begin PBXCopyFilesBuildPhase section */
		B26FD67E1E7C1F580077BCC5 /* Embed Frameworks */ = {
			isa = PBXCopyFilesBuildPhase;
			buildActionMask = 2147483647;
			dstPath = "";
			dstSubfolderSpec = 10;
			files = (
				B26FD67B1E7C1F580077BCC5 /* CorePlot.framework in Embed Frameworks */,
			);
			name = "Embed Frameworks";
			runOnlyForDeploymentPostprocessing = 0;
		};
/* End PBXCopyFilesBuildPhase section */

/* Begin PBXFileReference section */
		3B1C70B3DF3882DC1ECB9102 /* Pods-SimpleWeatherApp.release.xcconfig */ = {isa = PBXFileReference; includeInIndex = 1; lastKnownFileType = text.xcconfig; name = "Pods-SimpleWeatherApp.release.xcconfig"; path = "Pods/Target Support Files/Pods-SimpleWeatherApp/Pods-SimpleWeatherApp.release.xcconfig"; sourceTree = "<group>"; };
		B22AE2FA1E6D75CD00651C84 /* SimpleWeatherApp.app */ = {isa = PBXFileReference; explicitFileType = wrapper.application; includeInIndex = 0; path = SimpleWeatherApp.app; sourceTree = BUILT_PRODUCTS_DIR; };
		B22AE2FE1E6D75CD00651C84 /* main.m */ = {isa = PBXFileReference; lastKnownFileType = sourcecode.c.objc; path = main.m; sourceTree = "<group>"; };
		B22AE3001E6D75CD00651C84 /* AppDelegate.h */ = {isa = PBXFileReference; lastKnownFileType = sourcecode.c.h; path = AppDelegate.h; sourceTree = "<group>"; };
		B22AE3011E6D75CD00651C84 /* AppDelegate.m */ = {isa = PBXFileReference; lastKnownFileType = sourcecode.c.objc; path = AppDelegate.m; sourceTree = "<group>"; };
		B22AE30A1E6D75CD00651C84 /* SimpleWeatherApp.xcdatamodel */ = {isa = PBXFileReference; lastKnownFileType = wrapper.xcdatamodel; path = SimpleWeatherApp.xcdatamodel; sourceTree = "<group>"; };
		B22AE30C1E6D75CD00651C84 /* Assets.xcassets */ = {isa = PBXFileReference; lastKnownFileType = folder.assetcatalog; path = Assets.xcassets; sourceTree = "<group>"; };
		B22AE30F1E6D75CD00651C84 /* Base */ = {isa = PBXFileReference; lastKnownFileType = file.storyboard; name = Base; path = Base.lproj/LaunchScreen.storyboard; sourceTree = "<group>"; };
		B22AE3111E6D75CD00651C84 /* Info.plist */ = {isa = PBXFileReference; lastKnownFileType = text.plist.xml; path = Info.plist; sourceTree = "<group>"; };
		B22AE3171E6D767000651C84 /* MainViewController.h */ = {isa = PBXFileReference; fileEncoding = 4; lastKnownFileType = sourcecode.c.h; path = MainViewController.h; sourceTree = "<group>"; };
		B22AE3181E6D767000651C84 /* MainViewController.m */ = {isa = PBXFileReference; fileEncoding = 4; lastKnownFileType = sourcecode.c.objc; path = MainViewController.m; sourceTree = "<group>"; };
		B22AE3191E6D767000651C84 /* MainViewController.xib */ = {isa = PBXFileReference; fileEncoding = 4; lastKnownFileType = file.xib; path = MainViewController.xib; sourceTree = "<group>"; };
		B22AE31C1E6D940D00651C84 /* WeatherManager.h */ = {isa = PBXFileReference; lastKnownFileType = sourcecode.c.h; path = WeatherManager.h; sourceTree = "<group>"; };
		B22AE31D1E6D942200651C84 /* WeatherManager.m */ = {isa = PBXFileReference; fileEncoding = 4; lastKnownFileType = sourcecode.c.objc; path = WeatherManager.m; sourceTree = "<group>"; };
		B22AE31F1E6D961100651C84 /* CurrentWeatherDto.m */ = {isa = PBXFileReference; fileEncoding = 4; lastKnownFileType = sourcecode.c.objc; path = CurrentWeatherDto.m; sourceTree = "<group>"; };
		B22AE3211E6D9F6A00651C84 /* CurrentWeatherDto.h */ = {isa = PBXFileReference; lastKnownFileType = sourcecode.c.h; path = CurrentWeatherDto.h; sourceTree = "<group>"; };
		B25981FB1E8E3756009E82B5 /* ManualUiContraintsTestViewController.h */ = {isa = PBXFileReference; fileEncoding = 4; lastKnownFileType = sourcecode.c.h; path = ManualUiContraintsTestViewController.h; sourceTree = "<group>"; };
		B25981FC1E8E3756009E82B5 /* ManualUiContraintsTestViewController.m */ = {isa = PBXFileReference; fileEncoding = 4; lastKnownFileType = sourcecode.c.objc; path = ManualUiContraintsTestViewController.m; sourceTree = "<group>"; };
		B259821C1E926C60009E82B5 /* AutoLayoutConstraintsAnimationViewController.h */ = {isa = PBXFileReference; fileEncoding = 4; lastKnownFileType = sourcecode.c.h; path = AutoLayoutConstraintsAnimationViewController.h; sourceTree = "<group>"; };
		B259821D1E926C60009E82B5 /* AutoLayoutConstraintsAnimationViewController.m */ = {isa = PBXFileReference; fileEncoding = 4; lastKnownFileType = sourcecode.c.objc; path = AutoLayoutConstraintsAnimationViewController.m; sourceTree = "<group>"; };
		B259821F1E928554009E82B5 /* NetworkManager.h */ = {isa = PBXFileReference; lastKnownFileType = sourcecode.c.h; path = NetworkManager.h; sourceTree = "<group>"; };
		B25982201E928588009E82B5 /* NetworkManager.m */ = {isa = PBXFileReference; fileEncoding = 4; lastKnownFileType = sourcecode.c.objc; path = NetworkManager.m; sourceTree = "<group>"; };
		B25982301E93D6D0009E82B5 /* FavoriteLocationsViewController.h */ = {isa = PBXFileReference; fileEncoding = 4; lastKnownFileType = sourcecode.c.h; path = FavoriteLocationsViewController.h; sourceTree = "<group>"; };
		B25982311E93D6D0009E82B5 /* FavoriteLocationsViewController.m */ = {isa = PBXFileReference; fileEncoding = 4; lastKnownFileType = sourcecode.c.objc; path = FavoriteLocationsViewController.m; sourceTree = "<group>"; };
		B25982361E93E49D009E82B5 /* AddFavoriteLocationViewController.h */ = {isa = PBXFileReference; fileEncoding = 4; lastKnownFileType = sourcecode.c.h; path = AddFavoriteLocationViewController.h; sourceTree = "<group>"; };
		B25982371E93E49D009E82B5 /* AddFavoriteLocationViewController.m */ = {isa = PBXFileReference; fileEncoding = 4; lastKnownFileType = sourcecode.c.objc; path = AddFavoriteLocationViewController.m; sourceTree = "<group>"; };
		B25982391E9520B1009E82B5 /* BluetoothTestViewController.h */ = {isa = PBXFileReference; fileEncoding = 4; lastKnownFileType = sourcecode.c.h; path = BluetoothTestViewController.h; sourceTree = "<group>"; };
		B259823A1E9520B1009E82B5 /* BluetoothTestViewController.m */ = {isa = PBXFileReference; fileEncoding = 4; lastKnownFileType = sourcecode.c.objc; path = BluetoothTestViewController.m; sourceTree = "<group>"; };
		B259823C1E95249F009E82B5 /* CoreBluetooth.framework */ = {isa = PBXFileReference; lastKnownFileType = wrapper.framework; name = CoreBluetooth.framework; path = System/Library/Frameworks/CoreBluetooth.framework; sourceTree = SDKROOT; };
		B26FD63B1E6F0FBC0077BCC5 /* WeatherSettings.h */ = {isa = PBXFileReference; lastKnownFileType = sourcecode.c.h; path = WeatherSettings.h; sourceTree = "<group>"; };
		B26FD63C1E6F0FFC0077BCC5 /* WeatherSettings.m */ = {isa = PBXFileReference; fileEncoding = 4; lastKnownFileType = sourcecode.c.objc; path = WeatherSettings.m; sourceTree = "<group>"; };
		B26FD63E1E6F11D40077BCC5 /* AppDataUtil.h */ = {isa = PBXFileReference; lastKnownFileType = sourcecode.c.h; path = AppDataUtil.h; sourceTree = "<group>"; };
		B26FD63F1E6F124F0077BCC5 /* AppDataUtil.m */ = {isa = PBXFileReference; fileEncoding = 4; lastKnownFileType = sourcecode.c.objc; path = AppDataUtil.m; sourceTree = "<group>"; };
		B26FD6411E714B290077BCC5 /* LocationSelectorViewController.h */ = {isa = PBXFileReference; fileEncoding = 4; lastKnownFileType = sourcecode.c.h; path = LocationSelectorViewController.h; sourceTree = "<group>"; };
		B26FD6421E714B290077BCC5 /* LocationSelectorViewController.m */ = {isa = PBXFileReference; fileEncoding = 4; lastKnownFileType = sourcecode.c.objc; path = LocationSelectorViewController.m; sourceTree = "<group>"; };
		B26FD6431E714B290077BCC5 /* LocationSelectorViewController.xib */ = {isa = PBXFileReference; fileEncoding = 4; lastKnownFileType = file.xib; path = LocationSelectorViewController.xib; sourceTree = "<group>"; };
		B26FD6461E7176F30077BCC5 /* LocationDto.h */ = {isa = PBXFileReference; lastKnownFileType = sourcecode.c.h; path = LocationDto.h; sourceTree = "<group>"; };
		B26FD6471E71771F0077BCC5 /* LocationDto.m */ = {isa = PBXFileReference; fileEncoding = 4; lastKnownFileType = sourcecode.c.objc; path = LocationDto.m; sourceTree = "<group>"; };
		B26FD64B1E7185310077BCC5 /* FileReader.h */ = {isa = PBXFileReference; lastKnownFileType = sourcecode.c.h; path = FileReader.h; sourceTree = "<group>"; };
		B26FD64C1E71854B0077BCC5 /* FileReader.m */ = {isa = PBXFileReference; fileEncoding = 4; lastKnownFileType = sourcecode.c.objc; path = FileReader.m; sourceTree = "<group>"; };
		B26FD6501E718A430077BCC5 /* city.list.json */ = {isa = PBXFileReference; fileEncoding = 4; lastKnownFileType = text.json; name = city.list.json; path = ../../../Downloads/city.list.json; sourceTree = "<group>"; };
		B26FD6521E729DCB0077BCC5 /* DailyForecastCollectionViewCell.h */ = {isa = PBXFileReference; fileEncoding = 4; lastKnownFileType = sourcecode.c.h; path = DailyForecastCollectionViewCell.h; sourceTree = "<group>"; };
		B26FD6531E729DCB0077BCC5 /* DailyForecastCollectionViewCell.m */ = {isa = PBXFileReference; fileEncoding = 4; lastKnownFileType = sourcecode.c.objc; path = DailyForecastCollectionViewCell.m; sourceTree = "<group>"; };
		B26FD6541E729DCB0077BCC5 /* DailyForecastCollectionViewCell.xib */ = {isa = PBXFileReference; fileEncoding = 4; lastKnownFileType = file.xib; path = DailyForecastCollectionViewCell.xib; sourceTree = "<group>"; };
		B26FD6571E72F1890077BCC5 /* WeatherForecastDto.h */ = {isa = PBXFileReference; lastKnownFileType = sourcecode.c.h; path = WeatherForecastDto.h; sourceTree = "<group>"; };
		B26FD6581E72F19C0077BCC5 /* WeatherForecastDto.m */ = {isa = PBXFileReference; fileEncoding = 4; lastKnownFileType = sourcecode.c.objc; path = WeatherForecastDto.m; sourceTree = "<group>"; };
		B26FD65A1E7C1F0F0077BCC5 /* CorePlot.xcodeproj */ = {isa = PBXFileReference; lastKnownFileType = "wrapper.pb-project"; name = CorePlot.xcodeproj; path = framework/CorePlot.xcodeproj; sourceTree = "<group>"; };
		B26FD6911E817D510077BCC5 /* PercentageCircleView.h */ = {isa = PBXFileReference; lastKnownFileType = sourcecode.c.h; path = PercentageCircleView.h; sourceTree = "<group>"; };
		B26FD6921E817D630077BCC5 /* PercentageCircleView.m */ = {isa = PBXFileReference; fileEncoding = 4; lastKnownFileType = sourcecode.c.objc; path = PercentageCircleView.m; sourceTree = "<group>"; };
		B26FD6941E83B7B40077BCC5 /* MapViewController.h */ = {isa = PBXFileReference; fileEncoding = 4; lastKnownFileType = sourcecode.c.h; path = MapViewController.h; sourceTree = "<group>"; };
		B26FD6951E83B7B40077BCC5 /* MapViewController.m */ = {isa = PBXFileReference; fileEncoding = 4; lastKnownFileType = sourcecode.c.objc; path = MapViewController.m; sourceTree = "<group>"; };
		B26FD6961E83B7B40077BCC5 /* MapViewController.xib */ = {isa = PBXFileReference; fileEncoding = 4; lastKnownFileType = file.xib; path = MapViewController.xib; sourceTree = "<group>"; };
		B26FD69A1E83C1A30077BCC5 /* MapKit.framework */ = {isa = PBXFileReference; lastKnownFileType = wrapper.framework; name = MapKit.framework; path = System/Library/Frameworks/MapKit.framework; sourceTree = SDKROOT; };
		B295AEBC1E6EFF36002D6F0B /* SettingsViewController.h */ = {isa = PBXFileReference; fileEncoding = 4; lastKnownFileType = sourcecode.c.h; path = SettingsViewController.h; sourceTree = "<group>"; };
		B295AEBD1E6EFF36002D6F0B /* SettingsViewController.m */ = {isa = PBXFileReference; fileEncoding = 4; lastKnownFileType = sourcecode.c.objc; path = SettingsViewController.m; sourceTree = "<group>"; };
		B295AEBE1E6EFF36002D6F0B /* SettingsViewController.xib */ = {isa = PBXFileReference; fileEncoding = 4; lastKnownFileType = file.xib; path = SettingsViewController.xib; sourceTree = "<group>"; };
		E2CD41411E77A136D2D863E3 /* Pods_SimpleWeatherApp.framework */ = {isa = PBXFileReference; explicitFileType = wrapper.framework; includeInIndex = 0; path = Pods_SimpleWeatherApp.framework; sourceTree = BUILT_PRODUCTS_DIR; };
		FDB7BF85BBA6C0EEF3A5A0DA /* Pods-SimpleWeatherApp.debug.xcconfig */ = {isa = PBXFileReference; includeInIndex = 1; lastKnownFileType = text.xcconfig; name = "Pods-SimpleWeatherApp.debug.xcconfig"; path = "Pods/Target Support Files/Pods-SimpleWeatherApp/Pods-SimpleWeatherApp.debug.xcconfig"; sourceTree = "<group>"; };
/* End PBXFileReference section */

/* Begin PBXFrameworksBuildPhase section */
		B22AE2F71E6D75CD00651C84 /* Frameworks */ = {
			isa = PBXFrameworksBuildPhase;
			buildActionMask = 2147483647;
			files = (
				B259823D1E95249F009E82B5 /* CoreBluetooth.framework in Frameworks */,
				B26FD69B1E83C1A30077BCC5 /* MapKit.framework in Frameworks */,
				B26FD67A1E7C1F580077BCC5 /* CorePlot.framework in Frameworks */,
				06F8A90134ACA928FF086075 /* Pods_SimpleWeatherApp.framework in Frameworks */,
			);
			runOnlyForDeploymentPostprocessing = 0;
		};
/* End PBXFrameworksBuildPhase section */

/* Begin PBXGroup section */
		5094581115BF89D3F6703E6A /* Pods */ = {
			isa = PBXGroup;
			children = (
				FDB7BF85BBA6C0EEF3A5A0DA /* Pods-SimpleWeatherApp.debug.xcconfig */,
				3B1C70B3DF3882DC1ECB9102 /* Pods-SimpleWeatherApp.release.xcconfig */,
			);
			name = Pods;
			sourceTree = "<group>";
		};
		B22AE2F11E6D75CD00651C84 = {
			isa = PBXGroup;
			children = (
				B26FD65A1E7C1F0F0077BCC5 /* CorePlot.xcodeproj */,
				B22AE2FC1E6D75CD00651C84 /* SimpleWeatherApp */,
				B22AE2FB1E6D75CD00651C84 /* Products */,
				B26FD6991E83C1A30077BCC5 /* Frameworks */,
				5094581115BF89D3F6703E6A /* Pods */,
			);
			sourceTree = "<group>";
		};
		B22AE2FB1E6D75CD00651C84 /* Products */ = {
			isa = PBXGroup;
			children = (
				B22AE2FA1E6D75CD00651C84 /* SimpleWeatherApp.app */,
			);
			name = Products;
			sourceTree = "<group>";
		};
		B22AE2FC1E6D75CD00651C84 /* SimpleWeatherApp */ = {
			isa = PBXGroup;
			children = (
				B26FD6911E817D510077BCC5 /* PercentageCircleView.h */,
				B26FD6501E718A430077BCC5 /* city.list.json */,
				B22AE3001E6D75CD00651C84 /* AppDelegate.h */,
				B22AE3011E6D75CD00651C84 /* AppDelegate.m */,
				B22AE30C1E6D75CD00651C84 /* Assets.xcassets */,
				B22AE30E1E6D75CD00651C84 /* LaunchScreen.storyboard */,
				B22AE3111E6D75CD00651C84 /* Info.plist */,
				B22AE3091E6D75CD00651C84 /* SimpleWeatherApp.xcdatamodeld */,
				B22AE2FD1E6D75CD00651C84 /* Supporting Files */,
				B22AE3171E6D767000651C84 /* MainViewController.h */,
				B22AE3181E6D767000651C84 /* MainViewController.m */,
				B22AE3191E6D767000651C84 /* MainViewController.xib */,
				B22AE31C1E6D940D00651C84 /* WeatherManager.h */,
				B22AE31D1E6D942200651C84 /* WeatherManager.m */,
				B22AE31F1E6D961100651C84 /* CurrentWeatherDto.m */,
				B22AE3211E6D9F6A00651C84 /* CurrentWeatherDto.h */,
				B295AEBC1E6EFF36002D6F0B /* SettingsViewController.h */,
				B295AEBD1E6EFF36002D6F0B /* SettingsViewController.m */,
				B295AEBE1E6EFF36002D6F0B /* SettingsViewController.xib */,
				B26FD63B1E6F0FBC0077BCC5 /* WeatherSettings.h */,
				B26FD63C1E6F0FFC0077BCC5 /* WeatherSettings.m */,
				B26FD63E1E6F11D40077BCC5 /* AppDataUtil.h */,
				B26FD63F1E6F124F0077BCC5 /* AppDataUtil.m */,
				B26FD6411E714B290077BCC5 /* LocationSelectorViewController.h */,
				B26FD6421E714B290077BCC5 /* LocationSelectorViewController.m */,
				B26FD6431E714B290077BCC5 /* LocationSelectorViewController.xib */,
				B26FD6461E7176F30077BCC5 /* LocationDto.h */,
				B26FD6471E71771F0077BCC5 /* LocationDto.m */,
				B26FD64B1E7185310077BCC5 /* FileReader.h */,
				B26FD64C1E71854B0077BCC5 /* FileReader.m */,
				B26FD6521E729DCB0077BCC5 /* DailyForecastCollectionViewCell.h */,
				B26FD6531E729DCB0077BCC5 /* DailyForecastCollectionViewCell.m */,
				B26FD6541E729DCB0077BCC5 /* DailyForecastCollectionViewCell.xib */,
				B26FD6571E72F1890077BCC5 /* WeatherForecastDto.h */,
				B26FD6581E72F19C0077BCC5 /* WeatherForecastDto.m */,
				B26FD6921E817D630077BCC5 /* PercentageCircleView.m */,
				B26FD6941E83B7B40077BCC5 /* MapViewController.h */,
				B26FD6951E83B7B40077BCC5 /* MapViewController.m */,
				B26FD6961E83B7B40077BCC5 /* MapViewController.xib */,
				B25981FB1E8E3756009E82B5 /* ManualUiContraintsTestViewController.h */,
				B25981FC1E8E3756009E82B5 /* ManualUiContraintsTestViewController.m */,
				B259821C1E926C60009E82B5 /* AutoLayoutConstraintsAnimationViewController.h */,
				B259821D1E926C60009E82B5 /* AutoLayoutConstraintsAnimationViewController.m */,
				B259821F1E928554009E82B5 /* NetworkManager.h */,
				B25982201E928588009E82B5 /* NetworkManager.m */,
				B25982301E93D6D0009E82B5 /* FavoriteLocationsViewController.h */,
				B25982311E93D6D0009E82B5 /* FavoriteLocationsViewController.m */,
				B25982361E93E49D009E82B5 /* AddFavoriteLocationViewController.h */,
				B25982371E93E49D009E82B5 /* AddFavoriteLocationViewController.m */,
				B25982391E9520B1009E82B5 /* BluetoothTestViewController.h */,
				B259823A1E9520B1009E82B5 /* BluetoothTestViewController.m */,
			);
			path = SimpleWeatherApp;
			sourceTree = "<group>";
		};
		B22AE2FD1E6D75CD00651C84 /* Supporting Files */ = {
			isa = PBXGroup;
			children = (
				B22AE2FE1E6D75CD00651C84 /* main.m */,
			);
			name = "Supporting Files";
			sourceTree = "<group>";
		};
		B26FD65B1E7C1F0F0077BCC5 /* Products */ = {
			isa = PBXGroup;
			children = (
				B26FD66B1E7C1F0F0077BCC5 /* CorePlot.framework */,
				B26FD66D1E7C1F0F0077BCC5 /* UnitTests.xctest */,
				B26FD66F1E7C1F0F0077BCC5 /* CorePlot.framework */,
				B26FD6711E7C1F0F0077BCC5 /* UnitTests iOS.xctest */,
				B26FD6731E7C1F0F0077BCC5 /* libCorePlot-CocoaTouch.a */,
				B26FD6751E7C1F0F0077BCC5 /* CorePlot-CocoaTouchTests.xctest */,
				B26FD6771E7C1F0F0077BCC5 /* CorePlot.framework */,
				B26FD6791E7C1F0F0077BCC5 /* UnitTests tvOS.xctest */,
			);
			name = Products;
			sourceTree = "<group>";
		};
		B26FD6991E83C1A30077BCC5 /* Frameworks */ = {
			isa = PBXGroup;
			children = (
				B259823C1E95249F009E82B5 /* CoreBluetooth.framework */,
				B26FD69A1E83C1A30077BCC5 /* MapKit.framework */,
				E2CD41411E77A136D2D863E3 /* Pods_SimpleWeatherApp.framework */,
			);
			name = Frameworks;
			sourceTree = "<group>";
		};
/* End PBXGroup section */

/* Begin PBXNativeTarget section */
		B22AE2F91E6D75CD00651C84 /* SimpleWeatherApp */ = {
			isa = PBXNativeTarget;
			buildConfigurationList = B22AE3141E6D75CD00651C84 /* Build configuration list for PBXNativeTarget "SimpleWeatherApp" */;
			buildPhases = (
				D90DE1AB86B214F852BBE258 /* [CP] Check Pods Manifest.lock */,
				B22AE2F61E6D75CD00651C84 /* Sources */,
				B22AE2F71E6D75CD00651C84 /* Frameworks */,
				B22AE2F81E6D75CD00651C84 /* Resources */,
				B26FD67E1E7C1F580077BCC5 /* Embed Frameworks */,
				D7FB8E8677B6184B83336BAA /* [CP] Embed Pods Frameworks */,
				7CB17862E5F73A82F7607816 /* [CP] Copy Pods Resources */,
			);
			buildRules = (
			);
			dependencies = (
				B26FD67D1E7C1F580077BCC5 /* PBXTargetDependency */,
			);
			name = SimpleWeatherApp;
			productName = SimpleWeatherApp;
			productReference = B22AE2FA1E6D75CD00651C84 /* SimpleWeatherApp.app */;
			productType = "com.apple.product-type.application";
		};
/* End PBXNativeTarget section */

/* Begin PBXProject section */
		B22AE2F21E6D75CD00651C84 /* Project object */ = {
			isa = PBXProject;
			attributes = {
				LastUpgradeCheck = 0820;
				ORGANIZATIONNAME = "Muresan, Dan-Sorin";
				TargetAttributes = {
					B22AE2F91E6D75CD00651C84 = {
						CreatedOnToolsVersion = 8.2.1;
						DevelopmentTeam = 8GHSFQS4M7;
						ProvisioningStyle = Automatic;
					};
				};
			};
			buildConfigurationList = B22AE2F51E6D75CD00651C84 /* Build configuration list for PBXProject "SimpleWeatherApp" */;
			compatibilityVersion = "Xcode 3.2";
			developmentRegion = English;
			hasScannedForEncodings = 0;
			knownRegions = (
				en,
				Base,
			);
			mainGroup = B22AE2F11E6D75CD00651C84;
			productRefGroup = B22AE2FB1E6D75CD00651C84 /* Products */;
			projectDirPath = "";
			projectReferences = (
				{
					ProductGroup = B26FD65B1E7C1F0F0077BCC5 /* Products */;
					ProjectRef = B26FD65A1E7C1F0F0077BCC5 /* CorePlot.xcodeproj */;
				},
			);
			projectRoot = "";
			targets = (
				B22AE2F91E6D75CD00651C84 /* SimpleWeatherApp */,
			);
		};
/* End PBXProject section */

/* Begin PBXReferenceProxy section */
		B26FD66B1E7C1F0F0077BCC5 /* CorePlot.framework */ = {
			isa = PBXReferenceProxy;
			fileType = wrapper.framework;
			path = CorePlot.framework;
			remoteRef = B26FD66A1E7C1F0F0077BCC5 /* PBXContainerItemProxy */;
			sourceTree = BUILT_PRODUCTS_DIR;
		};
		B26FD66D1E7C1F0F0077BCC5 /* UnitTests.xctest */ = {
			isa = PBXReferenceProxy;
			fileType = wrapper.cfbundle;
			path = UnitTests.xctest;
			remoteRef = B26FD66C1E7C1F0F0077BCC5 /* PBXContainerItemProxy */;
			sourceTree = BUILT_PRODUCTS_DIR;
		};
		B26FD66F1E7C1F0F0077BCC5 /* CorePlot.framework */ = {
			isa = PBXReferenceProxy;
			fileType = wrapper.framework;
			path = CorePlot.framework;
			remoteRef = B26FD66E1E7C1F0F0077BCC5 /* PBXContainerItemProxy */;
			sourceTree = BUILT_PRODUCTS_DIR;
		};
		B26FD6711E7C1F0F0077BCC5 /* UnitTests iOS.xctest */ = {
			isa = PBXReferenceProxy;
			fileType = wrapper.cfbundle;
			path = "UnitTests iOS.xctest";
			remoteRef = B26FD6701E7C1F0F0077BCC5 /* PBXContainerItemProxy */;
			sourceTree = BUILT_PRODUCTS_DIR;
		};
		B26FD6731E7C1F0F0077BCC5 /* libCorePlot-CocoaTouch.a */ = {
			isa = PBXReferenceProxy;
			fileType = archive.ar;
			path = "libCorePlot-CocoaTouch.a";
			remoteRef = B26FD6721E7C1F0F0077BCC5 /* PBXContainerItemProxy */;
			sourceTree = BUILT_PRODUCTS_DIR;
		};
		B26FD6751E7C1F0F0077BCC5 /* CorePlot-CocoaTouchTests.xctest */ = {
			isa = PBXReferenceProxy;
			fileType = wrapper.cfbundle;
			path = "CorePlot-CocoaTouchTests.xctest";
			remoteRef = B26FD6741E7C1F0F0077BCC5 /* PBXContainerItemProxy */;
			sourceTree = BUILT_PRODUCTS_DIR;
		};
		B26FD6771E7C1F0F0077BCC5 /* CorePlot.framework */ = {
			isa = PBXReferenceProxy;
			fileType = wrapper.framework;
			path = CorePlot.framework;
			remoteRef = B26FD6761E7C1F0F0077BCC5 /* PBXContainerItemProxy */;
			sourceTree = BUILT_PRODUCTS_DIR;
		};
		B26FD6791E7C1F0F0077BCC5 /* UnitTests tvOS.xctest */ = {
			isa = PBXReferenceProxy;
			fileType = wrapper.cfbundle;
			path = "UnitTests tvOS.xctest";
			remoteRef = B26FD6781E7C1F0F0077BCC5 /* PBXContainerItemProxy */;
			sourceTree = BUILT_PRODUCTS_DIR;
		};
/* End PBXReferenceProxy section */

/* Begin PBXResourcesBuildPhase section */
		B22AE2F81E6D75CD00651C84 /* Resources */ = {
			isa = PBXResourcesBuildPhase;
			buildActionMask = 2147483647;
			files = (
				B22AE3101E6D75CD00651C84 /* LaunchScreen.storyboard in Resources */,
				B22AE31B1E6D767000651C84 /* MainViewController.xib in Resources */,
				B26FD6451E714B290077BCC5 /* LocationSelectorViewController.xib in Resources */,
				B26FD6981E83B7B40077BCC5 /* MapViewController.xib in Resources */,
				B26FD6561E729DCB0077BCC5 /* DailyForecastCollectionViewCell.xib in Resources */,
				B22AE30D1E6D75CD00651C84 /* Assets.xcassets in Resources */,
				B295AEC01E6EFF36002D6F0B /* SettingsViewController.xib in Resources */,
				B26FD6511E718A430077BCC5 /* city.list.json in Resources */,
			);
			runOnlyForDeploymentPostprocessing = 0;
		};
/* End PBXResourcesBuildPhase section */

/* Begin PBXShellScriptBuildPhase section */
		7CB17862E5F73A82F7607816 /* [CP] Copy Pods Resources */ = {
			isa = PBXShellScriptBuildPhase;
			buildActionMask = 2147483647;
			files = (
			);
			inputPaths = (
			);
			name = "[CP] Copy Pods Resources";
			outputPaths = (
			);
			runOnlyForDeploymentPostprocessing = 0;
			shellPath = /bin/sh;
			shellScript = "\"${SRCROOT}/Pods/Target Support Files/Pods-SimpleWeatherApp/Pods-SimpleWeatherApp-resources.sh\"\n";
			showEnvVarsInLog = 0;
		};
		D7FB8E8677B6184B83336BAA /* [CP] Embed Pods Frameworks */ = {
			isa = PBXShellScriptBuildPhase;
			buildActionMask = 2147483647;
			files = (
			);
			inputPaths = (
			);
			name = "[CP] Embed Pods Frameworks";
			outputPaths = (
			);
			runOnlyForDeploymentPostprocessing = 0;
			shellPath = /bin/sh;
			shellScript = "\"${SRCROOT}/Pods/Target Support Files/Pods-SimpleWeatherApp/Pods-SimpleWeatherApp-frameworks.sh\"\n";
			showEnvVarsInLog = 0;
		};
		D90DE1AB86B214F852BBE258 /* [CP] Check Pods Manifest.lock */ = {
			isa = PBXShellScriptBuildPhase;
			buildActionMask = 2147483647;
			files = (
			);
			inputPaths = (
			);
			name = "[CP] Check Pods Manifest.lock";
			outputPaths = (
			);
			runOnlyForDeploymentPostprocessing = 0;
			shellPath = /bin/sh;
			shellScript = "diff \"${PODS_ROOT}/../Podfile.lock\" \"${PODS_ROOT}/Manifest.lock\" > /dev/null\nif [ $? != 0 ] ; then\n    # print error to STDERR\n    echo \"error: The sandbox is not in sync with the Podfile.lock. Run 'pod install' or update your CocoaPods installation.\" >&2\n    exit 1\nfi\n";
			showEnvVarsInLog = 0;
		};
/* End PBXShellScriptBuildPhase section */

/* Begin PBXSourcesBuildPhase section */
		B22AE2F61E6D75CD00651C84 /* Sources */ = {
			isa = PBXSourcesBuildPhase;
			buildActionMask = 2147483647;
			files = (
				B26FD6931E817D630077BCC5 /* PercentageCircleView.m in Sources */,
				B259823B1E9520B1009E82B5 /* BluetoothTestViewController.m in Sources */,
				B26FD6441E714B290077BCC5 /* LocationSelectorViewController.m in Sources */,
				B26FD6591E72F19C0077BCC5 /* WeatherForecastDto.m in Sources */,
				B22AE3201E6D961100651C84 /* CurrentWeatherDto.m in Sources */,
				B25981FD1E8E3756009E82B5 /* ManualUiContraintsTestViewController.m in Sources */,
				B25982321E93D6D0009E82B5 /* FavoriteLocationsViewController.m in Sources */,
				B259821E1E926C60009E82B5 /* AutoLayoutConstraintsAnimationViewController.m in Sources */,
				B26FD64D1E71854B0077BCC5 /* FileReader.m in Sources */,
				B22AE30B1E6D75CD00651C84 /* SimpleWeatherApp.xcdatamodeld in Sources */,
				B25982381E93E49D009E82B5 /* AddFavoriteLocationViewController.m in Sources */,
				B26FD6401E6F124F0077BCC5 /* AppDataUtil.m in Sources */,
				B22AE3021E6D75CD00651C84 /* AppDelegate.m in Sources */,
				B22AE2FF1E6D75CD00651C84 /* main.m in Sources */,
				B22AE31A1E6D767000651C84 /* MainViewController.m in Sources */,
				B26FD6481E71771F0077BCC5 /* LocationDto.m in Sources */,
				B25982211E928588009E82B5 /* NetworkManager.m in Sources */,
				B26FD6971E83B7B40077BCC5 /* MapViewController.m in Sources */,
				B26FD63D1E6F0FFC0077BCC5 /* WeatherSettings.m in Sources */,
				B26FD6551E729DCB0077BCC5 /* DailyForecastCollectionViewCell.m in Sources */,
				B22AE31E1E6D942200651C84 /* WeatherManager.m in Sources */,
				B295AEBF1E6EFF36002D6F0B /* SettingsViewController.m in Sources */,
			);
			runOnlyForDeploymentPostprocessing = 0;
		};
/* End PBXSourcesBuildPhase section */

/* Begin PBXTargetDependency section */
		B26FD67D1E7C1F580077BCC5 /* PBXTargetDependency */ = {
			isa = PBXTargetDependency;
			name = "CorePlot iOS";
			targetProxy = B26FD67C1E7C1F580077BCC5 /* PBXContainerItemProxy */;
		};
/* End PBXTargetDependency section */

/* Begin PBXVariantGroup section */
		B22AE30E1E6D75CD00651C84 /* LaunchScreen.storyboard */ = {
			isa = PBXVariantGroup;
			children = (
				B22AE30F1E6D75CD00651C84 /* Base */,
			);
			name = LaunchScreen.storyboard;
			sourceTree = "<group>";
		};
/* End PBXVariantGroup section */

/* Begin XCBuildConfiguration section */
		B22AE3121E6D75CD00651C84 /* Debug */ = {
			isa = XCBuildConfiguration;
			buildSettings = {
				ALWAYS_SEARCH_USER_PATHS = NO;
				CLANG_ANALYZER_NONNULL = YES;
				CLANG_CXX_LANGUAGE_STANDARD = "gnu++0x";
				CLANG_CXX_LIBRARY = "libc++";
				CLANG_ENABLE_MODULES = YES;
				CLANG_ENABLE_OBJC_ARC = YES;
				CLANG_WARN_BOOL_CONVERSION = YES;
				CLANG_WARN_CONSTANT_CONVERSION = YES;
				CLANG_WARN_DIRECT_OBJC_ISA_USAGE = YES_ERROR;
				CLANG_WARN_DOCUMENTATION_COMMENTS = YES;
				CLANG_WARN_EMPTY_BODY = YES;
				CLANG_WARN_ENUM_CONVERSION = YES;
				CLANG_WARN_INFINITE_RECURSION = YES;
				CLANG_WARN_INT_CONVERSION = YES;
				CLANG_WARN_OBJC_ROOT_CLASS = YES_ERROR;
				CLANG_WARN_SUSPICIOUS_MOVE = YES;
				CLANG_WARN_UNREACHABLE_CODE = YES;
				CLANG_WARN__DUPLICATE_METHOD_MATCH = YES;
				"CODE_SIGN_IDENTITY[sdk=iphoneos*]" = "iPhone Developer";
				COPY_PHASE_STRIP = NO;
				DEBUG_INFORMATION_FORMAT = dwarf;
				ENABLE_STRICT_OBJC_MSGSEND = YES;
				ENABLE_TESTABILITY = YES;
				GCC_C_LANGUAGE_STANDARD = gnu99;
				GCC_DYNAMIC_NO_PIC = NO;
				GCC_NO_COMMON_BLOCKS = YES;
				GCC_OPTIMIZATION_LEVEL = 0;
				GCC_PREPROCESSOR_DEFINITIONS = (
					"DEBUG=1",
					"$(inherited)",
				);
				GCC_WARN_64_TO_32_BIT_CONVERSION = YES;
				GCC_WARN_ABOUT_RETURN_TYPE = YES_ERROR;
				GCC_WARN_UNDECLARED_SELECTOR = YES;
				GCC_WARN_UNINITIALIZED_AUTOS = YES_AGGRESSIVE;
				GCC_WARN_UNUSED_FUNCTION = YES;
				GCC_WARN_UNUSED_VARIABLE = YES;
				IPHONEOS_DEPLOYMENT_TARGET = 10.2;
				MTL_ENABLE_DEBUG_INFO = YES;
				ONLY_ACTIVE_ARCH = YES;
				SDKROOT = iphoneos;
			};
			name = Debug;
		};
		B22AE3131E6D75CD00651C84 /* Release */ = {
			isa = XCBuildConfiguration;
			buildSettings = {
				ALWAYS_SEARCH_USER_PATHS = NO;
				CLANG_ANALYZER_NONNULL = YES;
				CLANG_CXX_LANGUAGE_STANDARD = "gnu++0x";
				CLANG_CXX_LIBRARY = "libc++";
				CLANG_ENABLE_MODULES = YES;
				CLANG_ENABLE_OBJC_ARC = YES;
				CLANG_WARN_BOOL_CONVERSION = YES;
				CLANG_WARN_CONSTANT_CONVERSION = YES;
				CLANG_WARN_DIRECT_OBJC_ISA_USAGE = YES_ERROR;
				CLANG_WARN_DOCUMENTATION_COMMENTS = YES;
				CLANG_WARN_EMPTY_BODY = YES;
				CLANG_WARN_ENUM_CONVERSION = YES;
				CLANG_WARN_INFINITE_RECURSION = YES;
				CLANG_WARN_INT_CONVERSION = YES;
				CLANG_WARN_OBJC_ROOT_CLASS = YES_ERROR;
				CLANG_WARN_SUSPICIOUS_MOVE = YES;
				CLANG_WARN_UNREACHABLE_CODE = YES;
				CLANG_WARN__DUPLICATE_METHOD_MATCH = YES;
				"CODE_SIGN_IDENTITY[sdk=iphoneos*]" = "iPhone Developer";
				COPY_PHASE_STRIP = NO;
				DEBUG_INFORMATION_FORMAT = "dwarf-with-dsym";
				ENABLE_NS_ASSERTIONS = NO;
				ENABLE_STRICT_OBJC_MSGSEND = YES;
				GCC_C_LANGUAGE_STANDARD = gnu99;
				GCC_NO_COMMON_BLOCKS = YES;
				GCC_WARN_64_TO_32_BIT_CONVERSION = YES;
				GCC_WARN_ABOUT_RETURN_TYPE = YES_ERROR;
				GCC_WARN_UNDECLARED_SELECTOR = YES;
				GCC_WARN_UNINITIALIZED_AUTOS = YES_AGGRESSIVE;
				GCC_WARN_UNUSED_FUNCTION = YES;
				GCC_WARN_UNUSED_VARIABLE = YES;
				IPHONEOS_DEPLOYMENT_TARGET = 10.2;
				MTL_ENABLE_DEBUG_INFO = NO;
				SDKROOT = iphoneos;
				VALIDATE_PRODUCT = YES;
			};
			name = Release;
		};
		B22AE3151E6D75CD00651C84 /* Debug */ = {
			isa = XCBuildConfiguration;
			baseConfigurationReference = FDB7BF85BBA6C0EEF3A5A0DA /* Pods-SimpleWeatherApp.debug.xcconfig */;
			buildSettings = {
				ASSETCATALOG_COMPILER_APPICON_NAME = AppIcon;
				CLANG_WARN_ASSIGN_ENUM = YES;
				CLANG_WARN_DEPRECATED_OBJC_IMPLEMENTATIONS = YES;
				CLANG_WARN_OBJC_IMPLICIT_ATOMIC_PROPERTIES = YES;
				CLANG_WARN_OBJC_IMPLICIT_RETAIN_SELF = YES;
				CLANG_WARN_OBJC_REPEATED_USE_OF_WEAK = YES;
				DEVELOPMENT_TEAM = 8GHSFQS4M7;
				GCC_TREAT_IMPLICIT_FUNCTION_DECLARATIONS_AS_ERRORS = YES;
				GCC_TREAT_INCOMPATIBLE_POINTER_TYPE_WARNINGS_AS_ERRORS = YES;
				GCC_WARN_SHADOW = YES;
				GCC_WARN_SIGN_COMPARE = YES;
				GCC_WARN_UNUSED_LABEL = YES;
				GCC_WARN_UNUSED_PARAMETER = YES;
				INFOPLIST_FILE = SimpleWeatherApp/Info.plist;
				IPHONEOS_DEPLOYMENT_TARGET = 9.0;
				LD_RUNPATH_SEARCH_PATHS = "$(inherited) @executable_path/Frameworks";
				PRODUCT_BUNDLE_IDENTIFIER = Garmin.SimpleWeatherApp;
				PRODUCT_NAME = "$(TARGET_NAME)";
				RUN_CLANG_STATIC_ANALYZER = YES;
			};
			name = Debug;
		};
		B22AE3161E6D75CD00651C84 /* Release */ = {
			isa = XCBuildConfiguration;
			baseConfigurationReference = 3B1C70B3DF3882DC1ECB9102 /* Pods-SimpleWeatherApp.release.xcconfig */;
			buildSettings = {
				ASSETCATALOG_COMPILER_APPICON_NAME = AppIcon;
				CLANG_WARN_ASSIGN_ENUM = YES;
				CLANG_WARN_DEPRECATED_OBJC_IMPLEMENTATIONS = YES;
				CLANG_WARN_OBJC_IMPLICIT_ATOMIC_PROPERTIES = YES;
				CLANG_WARN_OBJC_IMPLICIT_RETAIN_SELF = YES;
				CLANG_WARN_OBJC_REPEATED_USE_OF_WEAK = YES;
				DEVELOPMENT_TEAM = 8GHSFQS4M7;
				GCC_TREAT_IMPLICIT_FUNCTION_DECLARATIONS_AS_ERRORS = YES;
				GCC_TREAT_INCOMPATIBLE_POINTER_TYPE_WARNINGS_AS_ERRORS = YES;
				GCC_WARN_SHADOW = YES;
				GCC_WARN_SIGN_COMPARE = YES;
				GCC_WARN_UNUSED_LABEL = YES;
				GCC_WARN_UNUSED_PARAMETER = YES;
				INFOPLIST_FILE = SimpleWeatherApp/Info.plist;
				IPHONEOS_DEPLOYMENT_TARGET = 9.0;
				LD_RUNPATH_SEARCH_PATHS = "$(inherited) @executable_path/Frameworks";
				PRODUCT_BUNDLE_IDENTIFIER = Garmin.SimpleWeatherApp;
				PRODUCT_NAME = "$(TARGET_NAME)";
				RUN_CLANG_STATIC_ANALYZER = YES;
			};
			name = Release;
		};
/* End XCBuildConfiguration section */

/* Begin XCConfigurationList section */
		B22AE2F51E6D75CD00651C84 /* Build configuration list for PBXProject "SimpleWeatherApp" */ = {
			isa = XCConfigurationList;
			buildConfigurations = (
				B22AE3121E6D75CD00651C84 /* Debug */,
				B22AE3131E6D75CD00651C84 /* Release */,
			);
			defaultConfigurationIsVisible = 0;
			defaultConfigurationName = Release;
		};
		B22AE3141E6D75CD00651C84 /* Build configuration list for PBXNativeTarget "SimpleWeatherApp" */ = {
			isa = XCConfigurationList;
			buildConfigurations = (
				B22AE3151E6D75CD00651C84 /* Debug */,
				B22AE3161E6D75CD00651C84 /* Release */,
			);
			defaultConfigurationIsVisible = 0;
			defaultConfigurationName = Release;
		};
/* End XCConfigurationList section */

/* Begin XCVersionGroup section */
		B22AE3091E6D75CD00651C84 /* SimpleWeatherApp.xcdatamodeld */ = {
			isa = XCVersionGroup;
			children = (
				B22AE30A1E6D75CD00651C84 /* SimpleWeatherApp.xcdatamodel */,
			);
			currentVersion = B22AE30A1E6D75CD00651C84 /* SimpleWeatherApp.xcdatamodel */;
			path = SimpleWeatherApp.xcdatamodeld;
			sourceTree = "<group>";
			versionGroupType = wrapper.xcdatamodel;
		};
/* End XCVersionGroup section */
	};
	rootObject = B22AE2F21E6D75CD00651C84 /* Project object */;
}
